---
lockfileVersion: 1
lockfileVendor: redhat
arches:
- arch: x86_64
  packages:
  - url: https://cdn-ubi.redhat.com/content/public/ubi/dist/ubi9/9/x86_64/baseos/os/Packages/o/openssl-3.5.8-1.el9_8.x86_64.rpm
    repoid: ubi-9-for-x86_64-baseos-rpms
    size: 1569041
    checksum: sha256:2e0d5017032a48c23d4efa43afbe98d45179365eaec16f38e93c271b7728a67a
    name: openssl
    evr: 1:3.5.8-1.el9_8
    sourcerpm: openssl-3.5.8-1.el9_8.src.rpm
  source:
  - url: https://cdn-ubi.redhat.com/content/public/ubi/dist/ubi9/9/x86_64/baseos/source/SRPMS/Packages/o/openssl-3.5.8-1.el9_8.src.rpm
    repoid: ubi-9-for-x86_64-baseos-source-rpms
    size: 53429735
    checksum: sha256:393e8694b8161826f67f149cd7dde6b63da96f02efc050fda651d265907f2c20
    name: openssl
    evr: 1:3.5.8-1.el9_8
  module_metadata: []
