---
lockfileVersion: 1
lockfileVendor: redhat
arches:
- arch: x86_64
  packages:
  - url: https://cdn-ubi.redhat.com/content/public/ubi/dist/ubi9/9/x86_64/baseos/os/Packages/o/openssl-3.5.5-5.el9_8.x86_64.rpm
    repoid: ubi-9-for-x86_64-baseos-rpms
    size: 1563716
    checksum: sha256:7d6537b3a4e4e5a1fe0dc17b0d7794e466b3dd20f9dc34356dbbfe12b4ac2d44
    name: openssl
    evr: 1:3.5.5-5.el9_8
    sourcerpm: openssl-3.5.5-5.el9_8.src.rpm
  - url: https://cdn-ubi.redhat.com/content/public/ubi/dist/ubi9/9/x86_64/baseos/os/Packages/o/openssl-libs-3.5.5-5.el9_8.x86_64.rpm
    repoid: ubi-9-for-x86_64-baseos-rpms
    size: 2426444
    checksum: sha256:3fcfe168496349d7e3daba33a2a51b09bf00443d7fdf3c143b9d9c50c6d4d7af
    name: openssl-libs
    evr: 1:3.5.5-5.el9_8
    sourcerpm: openssl-3.5.5-5.el9_8.src.rpm
  source:
  - url: https://cdn-ubi.redhat.com/content/public/ubi/dist/ubi9/9/x86_64/baseos/source/SRPMS/Packages/o/openssl-3.5.5-5.el9_8.src.rpm
    repoid: ubi-9-for-x86_64-baseos-source-rpms
    size: 53365016
    checksum: sha256:906f5aa6c4147ce7f82eda6835e1fe7c1d45ac5f6dcc62a84d63794b877d9903
    name: openssl
    evr: 1:3.5.5-5.el9_8
  module_metadata: []
