---
lockfileVersion: 1
lockfileVendor: redhat
arches:
- arch: x86_64
  packages:
  - url: https://cdn-ubi.redhat.com/content/public/ubi/dist/ubi10/10/x86_64/baseos/os/Packages/o/openssl-3.5.5-6.el10_2.x86_64.rpm
    repoid: ubi-10-for-x86_64-baseos-rpms
    size: 1332328
    checksum: sha256:f1ff63e506d81a69e1c6e6251bce201581ca654538ab693fff29595fd64f7ee3
    name: openssl
    evr: 1:3.5.5-6.el10_2
    sourcerpm: openssl-3.5.5-6.el10_2.src.rpm
  source:
  - url: https://cdn-ubi.redhat.com/content/public/ubi/dist/ubi10/10/x86_64/baseos/source/SRPMS/Packages/o/openssl-3.5.5-6.el10_2.src.rpm
    repoid: ubi-10-for-x86_64-baseos-source-rpms
    size: 53369050
    checksum: sha256:b79f08d2d04536fdb6801b6ba7da7174942d174dd2b7969316402c737689d735
    name: openssl
    evr: 1:3.5.5-6.el10_2
  module_metadata: []
